
Microsoft Visual Studio Solution File, Format Version 12.00
# Visual Studio Version 17
VisualStudioVersion = 17.5.002.0
MinimumVisualStudioVersion = 10.0.40219.1
Project("{9A19103F-16F7-4668-BE54-9A1E7A4F7556}") = "Welcome", "Welcome.csproj", "{C1925C6B-A7A5-4163-AF5C-D5B2C84FF43A}"
EndProject
Global
	GlobalSection(SolutionConfigurationPlatforms) = preSolution
		Debug|Any CPU = Debug|Any CPU
		Release|Any CPU = Release|Any CPU
	EndGlobalSection
	GlobalSection(ProjectConfigurationPlatforms) = postSolution
		{C1925C6B-A7A5-4163-AF5C-D5B2C84FF43A}.Debug|Any CPU.ActiveCfg = Debug|Any CPU
		{C1925C6B-A7A5-4163-AF5C-D5B2C84FF43A}.Debug|Any CPU.Build.0 = Debug|Any CPU
		{C1925C6B-A7A5-4163-AF5C-D5B2C84FF43A}.Release|Any CPU.ActiveCfg = Release|Any CPU
		{C1925C6B-A7A5-4163-AF5C-D5B2C84FF43A}.Release|Any CPU.Build.0 = Release|Any CPU
	EndGlobalSection
	GlobalSection(SolutionProperties) = preSolution
		HideSolutionNode = FALSE
	EndGlobalSection
	GlobalSection(ExtensibilityGlobals) = postSolution
		SolutionGuid = {DD29D4B6-B3B1-467E-8AD3-09CAC9CAD30B}
	EndGlobalSection
EndGlobal
